{
  "version": 4,
  "terraform_version": "1.0.5",
  "serial": 209,
  "lineage": "cf666e11-597d-3614-3864-827148897b49",
  "outputs": {},
  "resources": [
    {
      "mode": "data",
      "type": "aws_subnet_ids",
      "name": "subnet",
      "provider": "provider[\"registry.terraform.io/hashicorp/aws\"]",
      "instances": [
        {
          "schema_version": 0,
          "attributes": {
            "filter": null,
            "id": "vpc-ece48a87",
            "ids": [
              "subnet-5f814e22",
              "subnet-600d9b0b",
              "subnet-d307309f"
            ],
            "tags": null,
            "vpc_id": "vpc-ece48a87"
          },
          "sensitive_attributes": []
        }
      ]
    },
    {
      "mode": "managed",
      "type": "aws_default_vpc",
      "name": "default",
      "provider": "provider[\"registry.terraform.io/hashicorp/aws\"]",
      "instances": [
        {
          "schema_version": 1,
          "attributes": {
            "arn": "arn:aws:ec2:us-east-2:643965814769:vpc/vpc-ece48a87",
            "assign_generated_ipv6_cidr_block": false,
            "cidr_block": "172.31.0.0/16",
            "default_network_acl_id": "acl-bbebbed0",
            "default_route_table_id": "rtb-e67b4d8d",
            "default_security_group_id": "sg-8f2dacc5",
            "dhcp_options_id": "dopt-fa480b91",
            "enable_classiclink": null,
            "enable_classiclink_dns_support": null,
            "enable_dns_hostnames": true,
            "enable_dns_support": true,
            "id": "vpc-ece48a87",
            "instance_tenancy": "default",
            "ipv6_association_id": "",
            "ipv6_cidr_block": "",
            "main_route_table_id": "rtb-e67b4d8d",
            "owner_id": "643965814769",
            "tags": {
              "Name": "Default VPC"
            },
            "tags_all": {
              "Name": "Default VPC"
            }
          },
          "sensitive_attributes": [],
          "private": "eyJzY2hlbWFfdmVyc2lvbiI6IjEifQ=="
        }
      ]
    },
    {
      "mode": "managed",
      "type": "aws_eip",
      "name": "nginx-eip",
      "provider": "provider[\"registry.terraform.io/hashicorp/aws\"]",
      "instances": [
        {
          "index_key": 0,
          "schema_version": 0,
          "attributes": {
            "address": null,
            "allocation_id": null,
            "associate_with_private_ip": null,
            "association_id": "eipassoc-019983b2eb7c22422",
            "carrier_ip": "",
            "customer_owned_ip": "",
            "customer_owned_ipv4_pool": "",
            "domain": "vpc",
            "id": "eipalloc-0543e92457f555006",
            "instance": "i-04ed09b1b6f4d7959",
            "network_border_group": "us-east-2",
            "network_interface": "eni-0d8fe2db2da37b784",
            "private_dns": "ip-172-31-0-84.us-east-2.compute.internal",
            "private_ip": "172.31.0.84",
            "public_dns": "ec2-18-217-43-9.us-east-2.compute.amazonaws.com",
            "public_ip": "18.217.43.9",
            "public_ipv4_pool": "amazon",
            "tags": {
              "Name": "eip-block1"
            },
            "tags_all": {
              "Name": "eip-block1"
            },
            "timeouts": null,
            "vpc": true
          },
          "sensitive_attributes": [],
          "private": "eyJlMmJmYjczMC1lY2FhLTExZTYtOGY4OC0zNDM2M2JjN2M0YzAiOnsiZGVsZXRlIjoxODAwMDAwMDAwMDAsInJlYWQiOjkwMDAwMDAwMDAwMCwidXBkYXRlIjozMDAwMDAwMDAwMDB9fQ==",
          "dependencies": [
            "aws_default_vpc.default",
            "aws_instance.nginx_wb",
            "aws_key_pair.nginx_key",
            "aws_security_group.sgweb"
          ]
        },
        {
          "index_key": 1,
          "schema_version": 0,
          "attributes": {
            "address": null,
            "allocation_id": null,
            "associate_with_private_ip": null,
            "association_id": "eipassoc-06e2bb9ca0c73b7b7",
            "carrier_ip": "",
            "customer_owned_ip": "",
            "customer_owned_ipv4_pool": "",
            "domain": "vpc",
            "id": "eipalloc-0fdf401b0d55c046c",
            "instance": "i-0981800621fa74313",
            "network_border_group": "us-east-2",
            "network_interface": "eni-0955ab83645269165",
            "private_dns": "ip-172-31-8-86.us-east-2.compute.internal",
            "private_ip": "172.31.8.86",
            "public_dns": "ec2-18-119-150-230.us-east-2.compute.amazonaws.com",
            "public_ip": "18.119.150.230",
            "public_ipv4_pool": "amazon",
            "tags": {
              "Name": "eip-block2"
            },
            "tags_all": {
              "Name": "eip-block2"
            },
            "timeouts": null,
            "vpc": true
          },
          "sensitive_attributes": [],
          "private": "eyJlMmJmYjczMC1lY2FhLTExZTYtOGY4OC0zNDM2M2JjN2M0YzAiOnsiZGVsZXRlIjoxODAwMDAwMDAwMDAsInJlYWQiOjkwMDAwMDAwMDAwMCwidXBkYXRlIjozMDAwMDAwMDAwMDB9fQ==",
          "dependencies": [
            "aws_default_vpc.default",
            "aws_instance.nginx_wb",
            "aws_key_pair.nginx_key",
            "aws_security_group.sgweb"
          ]
        }
      ]
    },
    {
      "mode": "managed",
      "type": "aws_instance",
      "name": "nginx_wb",
      "provider": "provider[\"registry.terraform.io/hashicorp/aws\"]",
      "instances": [
        {
          "index_key": 0,
          "schema_version": 1,
          "attributes": {
            "ami": "ami-00d8aabe6ce5d7dfb",
            "arn": "arn:aws:ec2:us-east-2:643965814769:instance/i-04ed09b1b6f4d7959",
            "associate_public_ip_address": true,
            "availability_zone": "us-east-2a",
            "capacity_reservation_specification": [
              {
                "capacity_reservation_preference": "open",
                "capacity_reservation_target": []
              }
            ],
            "cpu_core_count": 1,
            "cpu_threads_per_core": 1,
            "credit_specification": [
              {
                "cpu_credits": "standard"
              }
            ],
            "disable_api_termination": false,
            "ebs_block_device": [],
            "ebs_optimized": false,
            "enclave_options": [
              {
                "enabled": false
              }
            ],
            "ephemeral_block_device": [],
            "get_password_data": false,
            "hibernation": false,
            "host_id": null,
            "iam_instance_profile": "",
            "id": "i-04ed09b1b6f4d7959",
            "instance_initiated_shutdown_behavior": "stop",
            "instance_state": "running",
            "instance_type": "t2.micro",
            "ipv6_address_count": 0,
            "ipv6_addresses": [],
            "key_name": "id_rsa",
            "launch_template": [],
            "metadata_options": [
              {
                "http_endpoint": "enabled",
                "http_put_response_hop_limit": 1,
                "http_tokens": "optional"
              }
            ],
            "monitoring": false,
            "network_interface": [],
            "outpost_arn": "",
            "password_data": "",
            "placement_group": "",
            "primary_network_interface_id": "eni-0d8fe2db2da37b784",
            "private_dns": "ip-172-31-0-84.us-east-2.compute.internal",
            "private_ip": "172.31.0.84",
            "public_dns": "ec2-3-138-102-193.us-east-2.compute.amazonaws.com",
            "public_ip": "3.138.102.193",
            "root_block_device": [
              {
                "delete_on_termination": true,
                "device_name": "/dev/sda1",
                "encrypted": false,
                "iops": 100,
                "kms_key_id": "",
                "tags": {},
                "throughput": 0,
                "volume_id": "vol-00b38f8b3bd3ebbd9",
                "volume_size": 8,
                "volume_type": "gp2"
              }
            ],
            "secondary_private_ips": [],
            "security_groups": [
              "vpc_nginx_web"
            ],
            "source_dest_check": false,
            "subnet_id": "subnet-600d9b0b",
            "tags": {
              "Name": "nginx-webserver0"
            },
            "tags_all": {
              "Name": "nginx-webserver0"
            },
            "tenancy": "default",
            "timeouts": null,
            "user_data": "bab3dea02b6c6d52e8aff21004a33decaa4d487a",
            "user_data_base64": null,
            "volume_tags": null,
            "vpc_security_group_ids": [
              "sg-01997850119cf6b2b"
            ]
          },
          "sensitive_attributes": [],
          "private": "eyJlMmJmYjczMC1lY2FhLTExZTYtOGY4OC0zNDM2M2JjN2M0YzAiOnsiY3JlYXRlIjo2MDAwMDAwMDAwMDAsImRlbGV0ZSI6MTIwMDAwMDAwMDAwMCwidXBkYXRlIjo2MDAwMDAwMDAwMDB9LCJzY2hlbWFfdmVyc2lvbiI6IjEifQ==",
          "dependencies": [
            "aws_default_vpc.default",
            "aws_key_pair.nginx_key",
            "aws_security_group.sgweb"
          ]
        },
        {
          "index_key": 1,
          "schema_version": 1,
          "attributes": {
            "ami": "ami-00d8aabe6ce5d7dfb",
            "arn": "arn:aws:ec2:us-east-2:643965814769:instance/i-0981800621fa74313",
            "associate_public_ip_address": true,
            "availability_zone": "us-east-2a",
            "capacity_reservation_specification": [
              {
                "capacity_reservation_preference": "open",
                "capacity_reservation_target": []
              }
            ],
            "cpu_core_count": 1,
            "cpu_threads_per_core": 1,
            "credit_specification": [
              {
                "cpu_credits": "standard"
              }
            ],
            "disable_api_termination": false,
            "ebs_block_device": [],
            "ebs_optimized": false,
            "enclave_options": [
              {
                "enabled": false
              }
            ],
            "ephemeral_block_device": [],
            "get_password_data": false,
            "hibernation": false,
            "host_id": null,
            "iam_instance_profile": "",
            "id": "i-0981800621fa74313",
            "instance_initiated_shutdown_behavior": "stop",
            "instance_state": "running",
            "instance_type": "t2.micro",
            "ipv6_address_count": 0,
            "ipv6_addresses": [],
            "key_name": "id_rsa",
            "launch_template": [],
            "metadata_options": [
              {
                "http_endpoint": "enabled",
                "http_put_response_hop_limit": 1,
                "http_tokens": "optional"
              }
            ],
            "monitoring": false,
            "network_interface": [],
            "outpost_arn": "",
            "password_data": "",
            "placement_group": "",
            "primary_network_interface_id": "eni-0955ab83645269165",
            "private_dns": "ip-172-31-8-86.us-east-2.compute.internal",
            "private_ip": "172.31.8.86",
            "public_dns": "ec2-3-144-104-154.us-east-2.compute.amazonaws.com",
            "public_ip": "3.144.104.154",
            "root_block_device": [
              {
                "delete_on_termination": true,
                "device_name": "/dev/sda1",
                "encrypted": false,
                "iops": 100,
                "kms_key_id": "",
                "tags": {},
                "throughput": 0,
                "volume_id": "vol-00d11c6ab15397155",
                "volume_size": 8,
                "volume_type": "gp2"
              }
            ],
            "secondary_private_ips": [],
            "security_groups": [
              "vpc_nginx_web"
            ],
            "source_dest_check": false,
            "subnet_id": "subnet-600d9b0b",
            "tags": {
              "Name": "nginx-webserver1"
            },
            "tags_all": {
              "Name": "nginx-webserver1"
            },
            "tenancy": "default",
            "timeouts": null,
            "user_data": "bab3dea02b6c6d52e8aff21004a33decaa4d487a",
            "user_data_base64": null,
            "volume_tags": null,
            "vpc_security_group_ids": [
              "sg-01997850119cf6b2b"
            ]
          },
          "sensitive_attributes": [],
          "private": "eyJlMmJmYjczMC1lY2FhLTExZTYtOGY4OC0zNDM2M2JjN2M0YzAiOnsiY3JlYXRlIjo2MDAwMDAwMDAwMDAsImRlbGV0ZSI6MTIwMDAwMDAwMDAwMCwidXBkYXRlIjo2MDAwMDAwMDAwMDB9LCJzY2hlbWFfdmVyc2lvbiI6IjEifQ==",
          "dependencies": [
            "aws_default_vpc.default",
            "aws_key_pair.nginx_key",
            "aws_security_group.sgweb"
          ]
        }
      ]
    },
    {
      "mode": "managed",
      "type": "aws_key_pair",
      "name": "nginx_key",
      "provider": "provider[\"registry.terraform.io/hashicorp/aws\"]",
      "instances": [
        {
          "schema_version": 1,
          "attributes": {
            "arn": "arn:aws:ec2:us-east-2:643965814769:key-pair/id_rsa",
            "fingerprint": "01:f7:a9:81:04:b2:4c:0a:d0:dd:b0:2f:4d:5b:a8:e8",
            "id": "id_rsa",
            "key_name": "id_rsa",
            "key_name_prefix": null,
            "key_pair_id": "key-0114323fbd144d40e",
            "public_key": "ssh-rsa AAAAB3NzaC1yc2EAAAADAQABAAACAQCo5RwirIyWmWZ4Xry5uGEsmPgPlf8xNDq+dFRnzXbb+YV+njblqCt2JNZC+eZ4JWzf1f5bVio+B9/AarXF00Lcs6crqXk21ym+YnImlw3W4nWGIzQz36oe9tq8Yy6IRYzd+THVWJxxr0f2SsrVftT9Lc2EEl3rkCYXfPWz+PDn5u4Rz10jNMnP8Z9o/y4uQn3fG41I2CEehlUlqdWNb7ww9C5IaC0NIpJRaNQK0REDgVC2GZWMPGK2rW5I1pbOkYFBgdiQQ0JIXIIUhy5dJdFWW5qOxhA4qVbIqD6igDbHoq21G0Il8wzE9cKvG8/l2sAivO51pHVk6odOf4xMufkVScKy9qJxOyOWQfSx0/1qECSH6lINcYJJXEYEU/LXfEsKs5qJIujmN3LfzP0NdUgiTYZ3ia2yFPG65aJVqkgrD5znrov44aN4bB1L7EVq60LHQPbDIHWKEQS1dDNoKkC7PFKWTWrSrWdL+O4befkp+kqaaqNvyrYSyekGl3K6dVkNk8lT3LBDcga3rxYiAJ52wb2BxxKbqGQj5CRE19YeTII+RELW3gQRKKmd1X4Kes/T7sywnOhRd4wp4c1YebXsNMpDk2r1L05VPz4pWMYbdqdgJqZnecWT+muFMQFscN8IHRaWCh62HkWLr4blFqgi+9/WciLQ7nHp9J7p4hq0Zw== ubuntu@ip-172-31-18-99",
            "tags": null,
            "tags_all": {}
          },
          "sensitive_attributes": [],
          "private": "eyJzY2hlbWFfdmVyc2lvbiI6IjEifQ=="
        }
      ]
    },
    {
      "mode": "managed",
      "type": "aws_lb",
      "name": "aws-alb",
      "provider": "provider[\"registry.terraform.io/hashicorp/aws\"]",
      "instances": [
        {
          "schema_version": 0,
          "attributes": {
            "access_logs": [
              {
                "bucket": "",
                "enabled": false,
                "prefix": ""
              }
            ],
            "arn": "arn:aws:elasticloadbalancing:us-east-2:643965814769:loadbalancer/app/nginx-alb/56569ba8f0adfdc5",
            "arn_suffix": "app/nginx-alb/56569ba8f0adfdc5",
            "customer_owned_ipv4_pool": "",
            "dns_name": "nginx-alb-274876028.us-east-2.elb.amazonaws.com",
            "drop_invalid_header_fields": false,
            "enable_cross_zone_load_balancing": null,
            "enable_deletion_protection": false,
            "enable_http2": true,
            "id": "arn:aws:elasticloadbalancing:us-east-2:643965814769:loadbalancer/app/nginx-alb/56569ba8f0adfdc5",
            "idle_timeout": 60,
            "internal": false,
            "ip_address_type": "ipv4",
            "load_balancer_type": "application",
            "name": "nginx-alb",
            "name_prefix": null,
            "security_groups": [
              "sg-01997850119cf6b2b"
            ],
            "subnet_mapping": [
              {
                "allocation_id": "",
                "ipv6_address": "",
                "outpost_id": "",
                "private_ipv4_address": "",
                "subnet_id": "subnet-5f814e22"
              },
              {
                "allocation_id": "",
                "ipv6_address": "",
                "outpost_id": "",
                "private_ipv4_address": "",
                "subnet_id": "subnet-600d9b0b"
              },
              {
                "allocation_id": "",
                "ipv6_address": "",
                "outpost_id": "",
                "private_ipv4_address": "",
                "subnet_id": "subnet-d307309f"
              }
            ],
            "subnets": [
              "subnet-5f814e22",
              "subnet-600d9b0b",
              "subnet-d307309f"
            ],
            "tags": {
              "Name": "nginx-alb"
            },
            "tags_all": {
              "Name": "nginx-alb"
            },
            "timeouts": null,
            "vpc_id": "vpc-ece48a87",
            "zone_id": "Z3AADJGX6KTTL2"
          },
          "sensitive_attributes": [],
          "private": "eyJlMmJmYjczMC1lY2FhLTExZTYtOGY4OC0zNDM2M2JjN2M0YzAiOnsiY3JlYXRlIjo2MDAwMDAwMDAwMDAsImRlbGV0ZSI6NjAwMDAwMDAwMDAwLCJ1cGRhdGUiOjYwMDAwMDAwMDAwMH19",
          "dependencies": [
            "aws_default_vpc.default",
            "aws_security_group.sgweb",
            "data.aws_subnet_ids.subnet"
          ]
        }
      ]
    },
    {
      "mode": "managed",
      "type": "aws_lb_listener",
      "name": "nginx-alb-listner",
      "provider": "provider[\"registry.terraform.io/hashicorp/aws\"]",
      "instances": [
        {
          "schema_version": 0,
          "attributes": {
            "alpn_policy": null,
            "arn": "arn:aws:elasticloadbalancing:us-east-2:643965814769:listener/app/nginx-alb/56569ba8f0adfdc5/01d4d7f68b35d4b1",
            "certificate_arn": null,
            "default_action": [
              {
                "authenticate_cognito": [],
                "authenticate_oidc": [],
                "fixed_response": [],
                "forward": [],
                "order": 1,
                "redirect": [],
                "target_group_arn": "arn:aws:elasticloadbalancing:us-east-2:643965814769:targetgroup/nginx-tg/4fdfef119ada1f52",
                "type": "forward"
              }
            ],
            "id": "arn:aws:elasticloadbalancing:us-east-2:643965814769:listener/app/nginx-alb/56569ba8f0adfdc5/01d4d7f68b35d4b1",
            "load_balancer_arn": "arn:aws:elasticloadbalancing:us-east-2:643965814769:loadbalancer/app/nginx-alb/56569ba8f0adfdc5",
            "port": 80,
            "protocol": "HTTP",
            "ssl_policy": "",
            "tags": null,
            "tags_all": {},
            "timeouts": null
          },
          "sensitive_attributes": [],
          "private": "eyJlMmJmYjczMC1lY2FhLTExZTYtOGY4OC0zNDM2M2JjN2M0YzAiOnsicmVhZCI6NjAwMDAwMDAwMDAwfX0=",
          "dependencies": [
            "aws_default_vpc.default",
            "aws_lb.aws-alb",
            "aws_lb_target_group.nginx-target-group",
            "aws_security_group.sgweb",
            "data.aws_subnet_ids.subnet"
          ]
        }
      ]
    },
    {
      "mode": "managed",
      "type": "aws_lb_target_group",
      "name": "nginx-target-group",
      "provider": "provider[\"registry.terraform.io/hashicorp/aws\"]",
      "instances": [
        {
          "schema_version": 0,
          "attributes": {
            "arn": "arn:aws:elasticloadbalancing:us-east-2:643965814769:targetgroup/nginx-tg/4fdfef119ada1f52",
            "arn_suffix": "targetgroup/nginx-tg/4fdfef119ada1f52",
            "deregistration_delay": 300,
            "health_check": [
              {
                "enabled": true,
                "healthy_threshold": 5,
                "interval": 10,
                "matcher": "200",
                "path": "/",
                "port": "traffic-port",
                "protocol": "HTTP",
                "timeout": 5,
                "unhealthy_threshold": 2
              }
            ],
            "id": "arn:aws:elasticloadbalancing:us-east-2:643965814769:targetgroup/nginx-tg/4fdfef119ada1f52",
            "lambda_multi_value_headers_enabled": false,
            "load_balancing_algorithm_type": "round_robin",
            "name": "nginx-tg",
            "name_prefix": null,
            "port": 80,
            "preserve_client_ip": null,
            "protocol": "HTTP",
            "protocol_version": "HTTP1",
            "proxy_protocol_v2": false,
            "slow_start": 0,
            "stickiness": [
              {
                "cookie_duration": 86400,
                "cookie_name": "",
                "enabled": false,
                "type": "lb_cookie"
              }
            ],
            "tags": null,
            "tags_all": {},
            "target_type": "instance",
            "vpc_id": "vpc-ece48a87"
          },
          "sensitive_attributes": [],
          "private": "bnVsbA==",
          "dependencies": [
            "aws_default_vpc.default"
          ]
        }
      ]
    },
    {
      "mode": "managed",
      "type": "aws_lb_target_group_attachment",
      "name": "alb-target-group-attachment1",
      "provider": "provider[\"registry.terraform.io/hashicorp/aws\"]",
      "instances": [
        {
          "index_key": 0,
          "schema_version": 0,
          "attributes": {
            "availability_zone": null,
            "id": "arn:aws:elasticloadbalancing:us-east-2:643965814769:targetgroup/nginx-tg/4fdfef119ada1f52-20210829003313153600000002",
            "port": null,
            "target_group_arn": "arn:aws:elasticloadbalancing:us-east-2:643965814769:targetgroup/nginx-tg/4fdfef119ada1f52",
            "target_id": "i-04ed09b1b6f4d7959"
          },
          "sensitive_attributes": [],
          "private": "bnVsbA==",
          "dependencies": [
            "aws_default_vpc.default",
            "aws_instance.nginx_wb",
            "aws_key_pair.nginx_key",
            "aws_lb_target_group.nginx-target-group",
            "aws_security_group.sgweb"
          ]
        },
        {
          "index_key": 1,
          "schema_version": 0,
          "attributes": {
            "availability_zone": null,
            "id": "arn:aws:elasticloadbalancing:us-east-2:643965814769:targetgroup/nginx-tg/4fdfef119ada1f52-20210829003313106200000001",
            "port": null,
            "target_group_arn": "arn:aws:elasticloadbalancing:us-east-2:643965814769:targetgroup/nginx-tg/4fdfef119ada1f52",
            "target_id": "i-0981800621fa74313"
          },
          "sensitive_attributes": [],
          "private": "bnVsbA==",
          "dependencies": [
            "aws_default_vpc.default",
            "aws_instance.nginx_wb",
            "aws_key_pair.nginx_key",
            "aws_lb_target_group.nginx-target-group",
            "aws_security_group.sgweb"
          ]
        }
      ]
    },
    {
      "mode": "managed",
      "type": "aws_security_group",
      "name": "sgweb",
      "provider": "provider[\"registry.terraform.io/hashicorp/aws\"]",
      "instances": [
        {
          "schema_version": 1,
          "attributes": {
            "arn": "arn:aws:ec2:us-east-2:643965814769:security-group/sg-01997850119cf6b2b",
            "description": "Allow incoming HTTP connections \u0026 SSH access",
            "egress": [
              {
                "cidr_blocks": [
                  "0.0.0.0/0"
                ],
                "description": "",
                "from_port": 0,
                "ipv6_cidr_blocks": [],
                "prefix_list_ids": [],
                "protocol": "-1",
                "security_groups": [],
                "self": false,
                "to_port": 0
              }
            ],
            "id": "sg-01997850119cf6b2b",
            "ingress": [
              {
                "cidr_blocks": [
                  "0.0.0.0/0"
                ],
                "description": "",
                "from_port": -1,
                "ipv6_cidr_blocks": [],
                "prefix_list_ids": [],
                "protocol": "icmp",
                "security_groups": [],
                "self": false,
                "to_port": -1
              },
              {
                "cidr_blocks": [
                  "0.0.0.0/0"
                ],
                "description": "",
                "from_port": 22,
                "ipv6_cidr_blocks": [],
                "prefix_list_ids": [],
                "protocol": "tcp",
                "security_groups": [],
                "self": false,
                "to_port": 22
              },
              {
                "cidr_blocks": [
                  "0.0.0.0/0"
                ],
                "description": "",
                "from_port": 443,
                "ipv6_cidr_blocks": [],
                "prefix_list_ids": [],
                "protocol": "tcp",
                "security_groups": [],
                "self": false,
                "to_port": 443
              },
              {
                "cidr_blocks": [
                  "0.0.0.0/0"
                ],
                "description": "",
                "from_port": 80,
                "ipv6_cidr_blocks": [],
                "prefix_list_ids": [],
                "protocol": "tcp",
                "security_groups": [],
                "self": false,
                "to_port": 80
              }
            ],
            "name": "vpc_nginx_web",
            "name_prefix": "",
            "owner_id": "643965814769",
            "revoke_rules_on_delete": false,
            "tags": {
              "Name": "Web Server SG"
            },
            "tags_all": {
              "Name": "Web Server SG"
            },
            "timeouts": null,
            "vpc_id": "vpc-ece48a87"
          },
          "sensitive_attributes": [],
          "private": "eyJlMmJmYjczMC1lY2FhLTExZTYtOGY4OC0zNDM2M2JjN2M0YzAiOnsiY3JlYXRlIjo2MDAwMDAwMDAwMDAsImRlbGV0ZSI6OTAwMDAwMDAwMDAwfSwic2NoZW1hX3ZlcnNpb24iOiIxIn0=",
          "dependencies": [
            "aws_default_vpc.default"
          ]
        }
      ]
    }
  ]
}
